{
  "version": 2,
  "dependencies": {
    "net10.0-windows10.0.19041": {
      "Microsoft.Extensions.Logging.Abstractions": {
        "type": "Direct",
        "requested": "[10.0.12, )",
        "resolved": "10.0.12",
        "contentHash": "+24lC4plfbEDNfLAdTV/SWKS7dW+16X4HdydO3R++134kSNTzcbYA4KpR1Hdh6uWisB8Za3AzwyOn+K+NxWIug==",
        "dependencies": {
          "Microsoft.Extensions.DependencyInjection.Abstractions": "10.0.12"
        }
      },
      "Microsoft.Extensions.DependencyInjection.Abstractions": {
        "type": "Transitive",
        "resolved": "10.0.12",
        "contentHash": "9/qymSh7hVDMGTGwrLz8MRp5zRyXy9adGDOs4HwRdnLil3oZGYuWeZjbmHgCQ9BL1qBroVfgUK3U/nb61617Cw=="
      },
      "devbr.application": {
        "type": "Project",
        "dependencies": {
          "DevBR.Domain": "[0.1.0, )"
        }
      },
      "devbr.discovery": {
        "type": "Project",
        "dependencies": {
          "DevBR.Application": "[0.1.0, )",
          "Microsoft.Extensions.Logging.Abstractions": "[10.0.12, )",
          "Tomlyn": "[2.10.1, )"
        }
      },
      "devbr.domain": {
        "type": "Project"
      },
      "Tomlyn": {
        "type": "CentralTransitive",
        "requested": "[2.10.1, )",
        "resolved": "2.10.1",
        "contentHash": "ykjOY3IpYmC4SpPcAZRTl/w2jTmhPMDydHq8xcV7tTBAQ22nKBsOkPqauIrZlMjHm03cmKfV23UOPscKp+J4Og=="
      }
    },
    "net10.0-windows10.0.19041/win-x64": {}
  }
}